
Microsoft Visual Studio Solution File, Format Version 12.00
# Visual Studio Version 16
VisualStudioVersion = 16.0.30523.141
MinimumVisualStudioVersion = 10.0.40219.1
Project("{FAE04EC0-301F-11D3-BF4B-00C04F79EFBC}") = "2nd HomeWork", "2nd HomeWork\2nd HomeWork.csproj", "{7D8DACF0-58B5-4FFB-B31D-928ECE688B1E}"
EndProject
Global
	GlobalSection(SolutionConfigurationPlatforms) = preSolution
		Debug|Any CPU = Debug|Any CPU
		Release|Any CPU = Release|Any CPU
	EndGlobalSection
	GlobalSection(ProjectConfigurationPlatforms) = postSolution
		{7D8DACF0-58B5-4FFB-B31D-928ECE688B1E}.Debug|Any CPU.ActiveCfg = Debug|Any CPU
		{7D8DACF0-58B5-4FFB-B31D-928ECE688B1E}.Debug|Any CPU.Build.0 = Debug|Any CPU
		{7D8DACF0-58B5-4FFB-B31D-928ECE688B1E}.Release|Any CPU.ActiveCfg = Release|Any CPU
		{7D8DACF0-58B5-4FFB-B31D-928ECE688B1E}.Release|Any CPU.Build.0 = Release|Any CPU
	EndGlobalSection
	GlobalSection(SolutionProperties) = preSolution
		HideSolutionNode = FALSE
	EndGlobalSection
	GlobalSection(ExtensibilityGlobals) = postSolution
		SolutionGuid = {3572D37E-ADCD-4181-92BE-ACE1E4F97016}
	EndGlobalSection
EndGlobal
