
Microsoft Visual Studio Solution File, Format Version 12.00
# Visual Studio Version 16
VisualStudioVersion = 16.0.30523.141
MinimumVisualStudioVersion = 10.0.40219.1
Project("{FAE04EC0-301F-11D3-BF4B-00C04F79EFBC}") = "7th Homework", "7th Homework\7th Homework.csproj", "{DB0EB0E2-BE3F-47B5-8FD3-38EA954A8C10}"
EndProject
Global
	GlobalSection(SolutionConfigurationPlatforms) = preSolution
		Debug|Any CPU = Debug|Any CPU
		Release|Any CPU = Release|Any CPU
	EndGlobalSection
	GlobalSection(ProjectConfigurationPlatforms) = postSolution
		{DB0EB0E2-BE3F-47B5-8FD3-38EA954A8C10}.Debug|Any CPU.ActiveCfg = Debug|Any CPU
		{DB0EB0E2-BE3F-47B5-8FD3-38EA954A8C10}.Debug|Any CPU.Build.0 = Debug|Any CPU
		{DB0EB0E2-BE3F-47B5-8FD3-38EA954A8C10}.Release|Any CPU.ActiveCfg = Release|Any CPU
		{DB0EB0E2-BE3F-47B5-8FD3-38EA954A8C10}.Release|Any CPU.Build.0 = Release|Any CPU
	EndGlobalSection
	GlobalSection(SolutionProperties) = preSolution
		HideSolutionNode = FALSE
	EndGlobalSection
	GlobalSection(ExtensibilityGlobals) = postSolution
		SolutionGuid = {FC03D68B-5770-403B-8A81-8C73B91DC57F}
	EndGlobalSection
EndGlobal
